
Microsoft Visual Studio Solution File, Format Version 12.00
# Visual Studio 15
VisualStudioVersion = 15.0.27004.2006
MinimumVisualStudioVersion = 10.0.40219.1
Project("{FAE04EC0-301F-11D3-BF4B-00C04F79EFBC}") = "POP_SF_08_15", "POP_SF_08_15\POP_SF_08_15.csproj", "{08969B14-7F9A-4665-80C6-F30F178A5910}"
EndProject
Global
	GlobalSection(SolutionConfigurationPlatforms) = preSolution
		Debug|Any CPU = Debug|Any CPU
		Release|Any CPU = Release|Any CPU
	EndGlobalSection
	GlobalSection(ProjectConfigurationPlatforms) = postSolution
		{08969B14-7F9A-4665-80C6-F30F178A5910}.Debug|Any CPU.ActiveCfg = Debug|Any CPU
		{08969B14-7F9A-4665-80C6-F30F178A5910}.Debug|Any CPU.Build.0 = Debug|Any CPU
		{08969B14-7F9A-4665-80C6-F30F178A5910}.Release|Any CPU.ActiveCfg = Release|Any CPU
		{08969B14-7F9A-4665-80C6-F30F178A5910}.Release|Any CPU.Build.0 = Release|Any CPU
	EndGlobalSection
	GlobalSection(SolutionProperties) = preSolution
		HideSolutionNode = FALSE
	EndGlobalSection
	GlobalSection(ExtensibilityGlobals) = postSolution
		SolutionGuid = {7F97CC37-D279-429C-BBC2-6FAB36B239B7}
	EndGlobalSection
EndGlobal
